
Microsoft Visual Studio Solution File, Format Version 12.00
# Visual Studio 2013
VisualStudioVersion = 12.0.30501.0
MinimumVisualStudioVersion = 10.0.40219.1
Project("{FAE04EC0-301F-11D3-BF4B-00C04F79EFBC}") = "Euler2", "2\Euler2.csproj", "{3573E228-8EFD-4909-8BF7-056C55EDB7AC}"
EndProject
Project("{FAE04EC0-301F-11D3-BF4B-00C04F79EFBC}") = "Euler2_Tests", "Euler2_Tests\Euler2_Tests.csproj", "{C815A3CB-D6C6-406A-82EC-254FD51C794F}"
EndProject
Project("{FAE04EC0-301F-11D3-BF4B-00C04F79EFBC}") = "Euler2CommandLine", "Euler2CommandLine\Euler2CommandLine.csproj", "{A4AA91CF-8729-4F4C-AA95-984A8D729363}"
EndProject
Global
	GlobalSection(SolutionConfigurationPlatforms) = preSolution
		Debug|Any CPU = Debug|Any CPU
		Release|Any CPU = Release|Any CPU
	EndGlobalSection
	GlobalSection(ProjectConfigurationPlatforms) = postSolution
		{3573E228-8EFD-4909-8BF7-056C55EDB7AC}.Debug|Any CPU.ActiveCfg = Debug|Any CPU
		{3573E228-8EFD-4909-8BF7-056C55EDB7AC}.Debug|Any CPU.Build.0 = Debug|Any CPU
		{3573E228-8EFD-4909-8BF7-056C55EDB7AC}.Release|Any CPU.ActiveCfg = Release|Any CPU
		{3573E228-8EFD-4909-8BF7-056C55EDB7AC}.Release|Any CPU.Build.0 = Release|Any CPU
		{C815A3CB-D6C6-406A-82EC-254FD51C794F}.Debug|Any CPU.ActiveCfg = Debug|Any CPU
		{C815A3CB-D6C6-406A-82EC-254FD51C794F}.Debug|Any CPU.Build.0 = Debug|Any CPU
		{C815A3CB-D6C6-406A-82EC-254FD51C794F}.Release|Any CPU.ActiveCfg = Release|Any CPU
		{C815A3CB-D6C6-406A-82EC-254FD51C794F}.Release|Any CPU.Build.0 = Release|Any CPU
		{A4AA91CF-8729-4F4C-AA95-984A8D729363}.Debug|Any CPU.ActiveCfg = Debug|Any CPU
		{A4AA91CF-8729-4F4C-AA95-984A8D729363}.Debug|Any CPU.Build.0 = Debug|Any CPU
		{A4AA91CF-8729-4F4C-AA95-984A8D729363}.Release|Any CPU.ActiveCfg = Release|Any CPU
		{A4AA91CF-8729-4F4C-AA95-984A8D729363}.Release|Any CPU.Build.0 = Release|Any CPU
	EndGlobalSection
	GlobalSection(SolutionProperties) = preSolution
		HideSolutionNode = FALSE
	EndGlobalSection
EndGlobal
