
Microsoft Visual Studio Solution File, Format Version 12.00
# Visual Studio 2013
VisualStudioVersion = 12.0.30501.0
MinimumVisualStudioVersion = 10.0.40219.1
Project("{FAE04EC0-301F-11D3-BF4B-00C04F79EFBC}") = "Arg_1Long_Parser", "Euler_1long_parser\Arg_1Long_Parser.csproj", "{8BC59A42-D741-43DC-A84D-F28CCAA325EE}"
EndProject
Project("{FAE04EC0-301F-11D3-BF4B-00C04F79EFBC}") = "Arg_1Long_Parser_Tests", "Arg_1Long_Parser_Tests\Arg_1Long_Parser_Tests.csproj", "{9DEE6B42-063D-427B-8B7D-5FBD42185AF1}"
EndProject
Project("{FAE04EC0-301F-11D3-BF4B-00C04F79EFBC}") = "ProjectEulerInterfaces", "ProjectEulerInterfaces\ProjectEulerInterfaces.csproj", "{DE0DA9A3-AF50-4044-A144-B4AB050BE403}"
EndProject
Project("{FAE04EC0-301F-11D3-BF4B-00C04F79EFBC}") = "EulerConsole", "EulerConsole\EulerConsole.csproj", "{4ED94AEE-8849-4C79-9470-94E70932A9B0}"
EndProject
Global
	GlobalSection(SolutionConfigurationPlatforms) = preSolution
		Debug|Any CPU = Debug|Any CPU
		Release|Any CPU = Release|Any CPU
	EndGlobalSection
	GlobalSection(ProjectConfigurationPlatforms) = postSolution
		{8BC59A42-D741-43DC-A84D-F28CCAA325EE}.Debug|Any CPU.ActiveCfg = Debug|Any CPU
		{8BC59A42-D741-43DC-A84D-F28CCAA325EE}.Debug|Any CPU.Build.0 = Debug|Any CPU
		{8BC59A42-D741-43DC-A84D-F28CCAA325EE}.Release|Any CPU.ActiveCfg = Release|Any CPU
		{8BC59A42-D741-43DC-A84D-F28CCAA325EE}.Release|Any CPU.Build.0 = Release|Any CPU
		{9DEE6B42-063D-427B-8B7D-5FBD42185AF1}.Debug|Any CPU.ActiveCfg = Debug|Any CPU
		{9DEE6B42-063D-427B-8B7D-5FBD42185AF1}.Debug|Any CPU.Build.0 = Debug|Any CPU
		{9DEE6B42-063D-427B-8B7D-5FBD42185AF1}.Release|Any CPU.ActiveCfg = Release|Any CPU
		{9DEE6B42-063D-427B-8B7D-5FBD42185AF1}.Release|Any CPU.Build.0 = Release|Any CPU
		{DE0DA9A3-AF50-4044-A144-B4AB050BE403}.Debug|Any CPU.ActiveCfg = Debug|Any CPU
		{DE0DA9A3-AF50-4044-A144-B4AB050BE403}.Debug|Any CPU.Build.0 = Debug|Any CPU
		{DE0DA9A3-AF50-4044-A144-B4AB050BE403}.Release|Any CPU.ActiveCfg = Release|Any CPU
		{DE0DA9A3-AF50-4044-A144-B4AB050BE403}.Release|Any CPU.Build.0 = Release|Any CPU
		{4ED94AEE-8849-4C79-9470-94E70932A9B0}.Debug|Any CPU.ActiveCfg = Debug|Any CPU
		{4ED94AEE-8849-4C79-9470-94E70932A9B0}.Debug|Any CPU.Build.0 = Debug|Any CPU
		{4ED94AEE-8849-4C79-9470-94E70932A9B0}.Release|Any CPU.ActiveCfg = Release|Any CPU
		{4ED94AEE-8849-4C79-9470-94E70932A9B0}.Release|Any CPU.Build.0 = Release|Any CPU
	EndGlobalSection
	GlobalSection(SolutionProperties) = preSolution
		HideSolutionNode = FALSE
	EndGlobalSection
EndGlobal
