
Microsoft Visual Studio Solution File, Format Version 12.00
# Visual Studio 2013
VisualStudioVersion = 12.0.30501.0
MinimumVisualStudioVersion = 10.0.40219.1
Project("{FAE04EC0-301F-11D3-BF4B-00C04F79EFBC}") = "Arg_1Long_Parser", "Euler_1long_parser\Arg_1Long_Parser.csproj", "{8BC59A42-D741-43DC-A84D-F28CCAA325EE}"
EndProject
Project("{FAE04EC0-301F-11D3-BF4B-00C04F79EFBC}") = "Arg_1Long_Parser_Tests", "Arg_1Long_Parser_Tests\Arg_1Long_Parser_Tests.csproj", "{9DEE6B42-063D-427B-8B7D-5FBD42185AF1}"
EndProject
Project("{FAE04EC0-301F-11D3-BF4B-00C04F79EFBC}") = "ProjectEulerInterfaces", "ProjectEulerInterfaces\ProjectEulerInterfaces.csproj", "{DE0DA9A3-AF50-4044-A144-B4AB050BE403}"
EndProject
Project("{FAE04EC0-301F-11D3-BF4B-00C04F79EFBC}") = "EulerConsoleRunner", "EulerConsole\EulerConsoleRunner.csproj", "{4ED94AEE-8849-4C79-9470-94E70932A9B0}"
EndProject
Project("{FAE04EC0-301F-11D3-BF4B-00C04F79EFBC}") = "ConsoleRunnerTests", "ConsoleRunnerTests\ConsoleRunnerTests.csproj", "{1F7DF9B1-09A8-4BC0-BD8B-43F238352371}"
EndProject
Project("{FAE04EC0-301F-11D3-BF4B-00C04F79EFBC}") = "FibonacciGenerator", "FibonacciGenerator\FibonacciGenerator.csproj", "{3D77DE7B-9398-49D2-9CBF-E712D46320D9}"
EndProject
Project("{FAE04EC0-301F-11D3-BF4B-00C04F79EFBC}") = "Fibonacci_Tests", "Fibonacci_Tests\Fibonacci_Tests.csproj", "{97AF3A1F-EBD4-4309-B610-9FBB2B25FBEA}"
EndProject
Project("{FAE04EC0-301F-11D3-BF4B-00C04F79EFBC}") = "PrimeNumberGenerator_Tests", "PrimeGenerator_Tests\PrimeNumberGenerator_Tests.csproj", "{B489B98A-2AB7-4AD0-9DC4-4924418AEAB1}"
EndProject
Project("{FAE04EC0-301F-11D3-BF4B-00C04F79EFBC}") = "PrimeNumberGenerator", "PrimeGenerator\PrimeNumberGenerator.csproj", "{9E80AEA9-BAF2-4055-9666-999BDFA2DAE0}"
EndProject
Global
	GlobalSection(SolutionConfigurationPlatforms) = preSolution
		Debug|Any CPU = Debug|Any CPU
		Release|Any CPU = Release|Any CPU
	EndGlobalSection
	GlobalSection(ProjectConfigurationPlatforms) = postSolution
		{8BC59A42-D741-43DC-A84D-F28CCAA325EE}.Debug|Any CPU.ActiveCfg = Debug|Any CPU
		{8BC59A42-D741-43DC-A84D-F28CCAA325EE}.Debug|Any CPU.Build.0 = Debug|Any CPU
		{8BC59A42-D741-43DC-A84D-F28CCAA325EE}.Release|Any CPU.ActiveCfg = Release|Any CPU
		{8BC59A42-D741-43DC-A84D-F28CCAA325EE}.Release|Any CPU.Build.0 = Release|Any CPU
		{9DEE6B42-063D-427B-8B7D-5FBD42185AF1}.Debug|Any CPU.ActiveCfg = Debug|Any CPU
		{9DEE6B42-063D-427B-8B7D-5FBD42185AF1}.Debug|Any CPU.Build.0 = Debug|Any CPU
		{9DEE6B42-063D-427B-8B7D-5FBD42185AF1}.Release|Any CPU.ActiveCfg = Release|Any CPU
		{9DEE6B42-063D-427B-8B7D-5FBD42185AF1}.Release|Any CPU.Build.0 = Release|Any CPU
		{DE0DA9A3-AF50-4044-A144-B4AB050BE403}.Debug|Any CPU.ActiveCfg = Debug|Any CPU
		{DE0DA9A3-AF50-4044-A144-B4AB050BE403}.Debug|Any CPU.Build.0 = Debug|Any CPU
		{DE0DA9A3-AF50-4044-A144-B4AB050BE403}.Release|Any CPU.ActiveCfg = Release|Any CPU
		{DE0DA9A3-AF50-4044-A144-B4AB050BE403}.Release|Any CPU.Build.0 = Release|Any CPU
		{4ED94AEE-8849-4C79-9470-94E70932A9B0}.Debug|Any CPU.ActiveCfg = Debug|Any CPU
		{4ED94AEE-8849-4C79-9470-94E70932A9B0}.Debug|Any CPU.Build.0 = Debug|Any CPU
		{4ED94AEE-8849-4C79-9470-94E70932A9B0}.Release|Any CPU.ActiveCfg = Release|Any CPU
		{4ED94AEE-8849-4C79-9470-94E70932A9B0}.Release|Any CPU.Build.0 = Release|Any CPU
		{1F7DF9B1-09A8-4BC0-BD8B-43F238352371}.Debug|Any CPU.ActiveCfg = Debug|Any CPU
		{1F7DF9B1-09A8-4BC0-BD8B-43F238352371}.Debug|Any CPU.Build.0 = Debug|Any CPU
		{1F7DF9B1-09A8-4BC0-BD8B-43F238352371}.Release|Any CPU.ActiveCfg = Release|Any CPU
		{1F7DF9B1-09A8-4BC0-BD8B-43F238352371}.Release|Any CPU.Build.0 = Release|Any CPU
		{3D77DE7B-9398-49D2-9CBF-E712D46320D9}.Debug|Any CPU.ActiveCfg = Debug|Any CPU
		{3D77DE7B-9398-49D2-9CBF-E712D46320D9}.Debug|Any CPU.Build.0 = Debug|Any CPU
		{3D77DE7B-9398-49D2-9CBF-E712D46320D9}.Release|Any CPU.ActiveCfg = Release|Any CPU
		{3D77DE7B-9398-49D2-9CBF-E712D46320D9}.Release|Any CPU.Build.0 = Release|Any CPU
		{97AF3A1F-EBD4-4309-B610-9FBB2B25FBEA}.Debug|Any CPU.ActiveCfg = Debug|Any CPU
		{97AF3A1F-EBD4-4309-B610-9FBB2B25FBEA}.Debug|Any CPU.Build.0 = Debug|Any CPU
		{97AF3A1F-EBD4-4309-B610-9FBB2B25FBEA}.Release|Any CPU.ActiveCfg = Release|Any CPU
		{97AF3A1F-EBD4-4309-B610-9FBB2B25FBEA}.Release|Any CPU.Build.0 = Release|Any CPU
		{B489B98A-2AB7-4AD0-9DC4-4924418AEAB1}.Debug|Any CPU.ActiveCfg = Debug|Any CPU
		{B489B98A-2AB7-4AD0-9DC4-4924418AEAB1}.Debug|Any CPU.Build.0 = Debug|Any CPU
		{B489B98A-2AB7-4AD0-9DC4-4924418AEAB1}.Release|Any CPU.ActiveCfg = Release|Any CPU
		{B489B98A-2AB7-4AD0-9DC4-4924418AEAB1}.Release|Any CPU.Build.0 = Release|Any CPU
		{9E80AEA9-BAF2-4055-9666-999BDFA2DAE0}.Debug|Any CPU.ActiveCfg = Debug|Any CPU
		{9E80AEA9-BAF2-4055-9666-999BDFA2DAE0}.Debug|Any CPU.Build.0 = Debug|Any CPU
		{9E80AEA9-BAF2-4055-9666-999BDFA2DAE0}.Release|Any CPU.ActiveCfg = Release|Any CPU
		{9E80AEA9-BAF2-4055-9666-999BDFA2DAE0}.Release|Any CPU.Build.0 = Release|Any CPU
	EndGlobalSection
	GlobalSection(SolutionProperties) = preSolution
		HideSolutionNode = FALSE
	EndGlobalSection
EndGlobal
